github.com/davecgh/go-spew v1.1.1 h1:vj9j/u1bqnvCEfJOwUhtlOARqs3+rkHYY13jYWTU97c=
github.com/davecgh/go-spew v1.1.1/go.mod h1:J7Y8YcW2NihsgmVo/mv3lAwl/skON4iLHjSsI+c5H38=
github.com/rakyll/openai-go v1.0.9 h1:oxaSEPbmYT2RCEG3D9id+Fj7qEi+FnHV7qs/qRSSwhM=
github.com/rakyll/openai-go v1.0.9/go.mod h1:hQpeaAVYbRXtWjFUew82LmbEIASmjihU3aI5NfJdqxA=
